// !$*UTF8*$!
{
	archiveVersion = 1;
	classes = {
	};
	objectVersion = 56;
	objects = {

/* Begin PBXBuildFile section */
		A1000001245A1B0000000001 /* UndrmndApp.swift in Sources */ = {isa = PBXBuildFile; fileRef = A1000002245A1B0000000001 /* UndrmndApp.swift */; };
		A1000003245A1B0000000002 /* ContentView.swift in Sources */ = {isa = PBXBuildFile; fileRef = A1000004245A1B0000000002 /* ContentView.swift */; };
		A1000005245A1B0000000003 /* Assets.xcassets in Resources */ = {isa = PBXBuildFile; fileRef = A1000006245A1B0000000003 /* Assets.xcassets */; };
		A1000007245A1B0000000004 /* UndrmndTests.swift in Sources */ = {isa = PBXBuildFile; fileRef = A1000008245A1B0000000004 /* UndrmndTests.swift */; };
		A100002D245A1B000000002D /* SupabaseConfig.swift in Sources */ = {isa = PBXBuildFile; fileRef = A100002E245A1B000000002E /* SupabaseConfig.swift */; };
		A100002F245A1B000000002F /* SupabaseService.swift in Sources */ = {isa = PBXBuildFile; fileRef = A1000030245A1B0000000030 /* SupabaseService.swift */; };
		E6B3D3C52F8F4C560037A1B2 /* CardItem.swift in Sources */ = {isa = PBXBuildFile; fileRef = E6B3D3C42F8F4C560037A1B2 /* CardItem.swift */; };
		E6B3D3C32F8F4A0C0037A1B2 /* CardDetailView.swift in Sources */ = {isa = PBXBuildFile; fileRef = E6B3D3C22F8F4A0C0037A1B2 /* CardDetailView.swift */; };
		E6B3D3C72F8F4C6E0037A1B2 /* SessionCompleteView.swift in Sources */ = {isa = PBXBuildFile; fileRef = E6B3D3C62F8F4C6E0037A1B2 /* SessionCompleteView.swift */; };
		E61A6F922F62165C009CA58F /* Supabase in Frameworks */ = {isa = PBXBuildFile; productRef = E6DC4A9B2F62090300EC3C29 /* Supabase */; };
		E61A6F942F621865009CA58F /* TodaySessionViewModel.swift in Sources */ = {isa = PBXBuildFile; fileRef = E61A6F932F621865009CA58F /* TodaySessionViewModel.swift */; };
		E6DC4A9D2F620FD600EC3C29 /* Supabase in Frameworks */ = {isa = PBXBuildFile; productRef = E6DC4A9C2F620FD600EC3C29 /* Supabase */; };
/* End PBXBuildFile section */

/* Begin PBXContainerItemProxy section */
		A1000024245A1B0000000020 /* PBXContainerItemProxy */ = {
			isa = PBXContainerItemProxy;
			containerPortal = A1000022245A1B000000001E /* Project object */;
			proxyType = 1;
			remoteGlobalIDString = A1000018245A1B0000000014;
			remoteInfo = undrmnd;
		};
/* End PBXContainerItemProxy section */

/* Begin PBXFileReference section */
		A1000002245A1B0000000001 /* UndrmndApp.swift */ = {isa = PBXFileReference; lastKnownFileType = sourcecode.swift; path = UndrmndApp.swift; sourceTree = "<group>"; };
		A1000004245A1B0000000002 /* ContentView.swift */ = {isa = PBXFileReference; lastKnownFileType = sourcecode.swift; path = ContentView.swift; sourceTree = "<group>"; };
		A1000006245A1B0000000003 /* Assets.xcassets */ = {isa = PBXFileReference; lastKnownFileType = folder.assetcatalog; path = Assets.xcassets; sourceTree = "<group>"; };
		A1000008245A1B0000000004 /* UndrmndTests.swift */ = {isa = PBXFileReference; lastKnownFileType = sourcecode.swift; path = UndrmndTests.swift; sourceTree = "<group>"; };
		A1000009245A1B0000000005 /* undrmnd.app */ = {isa = PBXFileReference; explicitFileType = wrapper.application; includeInIndex = 0; path = undrmnd.app; sourceTree = BUILT_PRODUCTS_DIR; };
		A100000A245A1B0000000006 /* undrmndTests.xctest */ = {isa = PBXFileReference; explicitFileType = wrapper.cfbundle; includeInIndex = 0; path = undrmndTests.xctest; sourceTree = BUILT_PRODUCTS_DIR; };
		A1000017245A1B0000000013 /* Info.plist */ = {isa = PBXFileReference; lastKnownFileType = text.plist.xml; path = Info.plist; sourceTree = "<group>"; };
		A100002E245A1B000000002E /* SupabaseConfig.swift */ = {isa = PBXFileReference; lastKnownFileType = sourcecode.swift; path = SupabaseConfig.swift; sourceTree = "<group>"; };
		A1000030245A1B0000000030 /* SupabaseService.swift */ = {isa = PBXFileReference; lastKnownFileType = sourcecode.swift; path = SupabaseService.swift; sourceTree = "<group>"; };
		E6B3D3C22F8F4A0C0037A1B2 /* CardDetailView.swift */ = {isa = PBXFileReference; lastKnownFileType = sourcecode.swift; path = CardDetailView.swift; sourceTree = "<group>"; };
		E6B3D3C42F8F4C560037A1B2 /* CardItem.swift */ = {isa = PBXFileReference; lastKnownFileType = sourcecode.swift; path = CardItem.swift; sourceTree = "<group>"; };
		E6B3D3C62F8F4C6E0037A1B2 /* SessionCompleteView.swift */ = {isa = PBXFileReference; lastKnownFileType = sourcecode.swift; path = SessionCompleteView.swift; sourceTree = "<group>"; };
		E61A6F932F621865009CA58F /* TodaySessionViewModel.swift */ = {isa = PBXFileReference; lastKnownFileType = sourcecode.swift; name = TodaySessionViewModel.swift; path = TodaySessionViewModel.swift; sourceTree = "<group>"; };
/* End PBXFileReference section */

/* Begin PBXFrameworksBuildPhase section */
		A100000C245A1B0000000008 /* Frameworks */ = {
			isa = PBXFrameworksBuildPhase;
			buildActionMask = 2147483647;
			files = (
				E6DC4A9D2F620FD600EC3C29 /* Supabase in Frameworks */,
			);
			runOnlyForDeploymentPostprocessing = 0;
		};
		E6DC4A9E2F62150E00EC3C29 /* Frameworks */ = {
			isa = PBXFrameworksBuildPhase;
			buildActionMask = 2147483647;
			files = (
				E61A6F922F62165C009CA58F /* Supabase in Frameworks */,
			);
			runOnlyForDeploymentPostprocessing = 0;
		};
/* End PBXFrameworksBuildPhase section */

/* Begin PBXGroup section */
		A100000D245A1B0000000009 = {
			isa = PBXGroup;
			children = (
				A100000E245A1B000000000A /* undrmnd */,
				A100000F245A1B000000000B /* undrmndTests */,
				A1000010245A1B000000000C /* Products */,
				E6DC4A9F2F62151D00EC3C29 /* Frameworks */,
			);
			sourceTree = "<group>";
		};
		A100000E245A1B000000000A /* undrmnd */ = {
			isa = PBXGroup;
			children = (
				A1000011245A1B000000000D /* App */,
				A1000012245A1B000000000E /* Features */,
				A1000013245A1B000000000F /* Patterns */,
				A1000014245A1B0000000010 /* Models */,
				A1000015245A1B0000000011 /* Services */,
				A1000016245A1B0000000012 /* Resources */,
				A1000017245A1B0000000013 /* Info.plist */,
			);
			path = undrmnd;
			sourceTree = "<group>";
		};
		A100000F245A1B000000000B /* undrmndTests */ = {
			isa = PBXGroup;
			children = (
				A1000008245A1B0000000004 /* UndrmndTests.swift */,
			);
			path = undrmndTests;
			sourceTree = "<group>";
		};
		A1000010245A1B000000000C /* Products */ = {
			isa = PBXGroup;
			children = (
				A1000009245A1B0000000005 /* undrmnd.app */,
				A100000A245A1B0000000006 /* undrmndTests.xctest */,
			);
			name = Products;
			sourceTree = "<group>";
		};
		A1000011245A1B000000000D /* App */ = {
			isa = PBXGroup;
			children = (
				A1000002245A1B0000000001 /* UndrmndApp.swift */,
				A100002E245A1B000000002E /* SupabaseConfig.swift */,
				E61A6F932F621865009CA58F /* TodaySessionViewModel.swift */,
			);
			path = App;
			sourceTree = "<group>";
		};
		A1000012245A1B000000000E /* Features */ = {
			isa = PBXGroup;
			children = (
				A1000004245A1B0000000002 /* ContentView.swift */,
				E6B3D3C22F8F4A0C0037A1B2 /* CardDetailView.swift */,
				E6B3D3C62F8F4C6E0037A1B2 /* SessionCompleteView.swift */,
			);
			path = Features;
			sourceTree = "<group>";
		};
		A1000013245A1B000000000F /* Patterns */ = {
			isa = PBXGroup;
			children = (
			);
			path = Patterns;
			sourceTree = "<group>";
		};
		A1000014245A1B0000000010 /* Models */ = {
			isa = PBXGroup;
			children = (
				E6B3D3C42F8F4C560037A1B2 /* CardItem.swift */,
			);
			path = Models;
			sourceTree = "<group>";
		};
		A1000015245A1B0000000011 /* Services */ = {
			isa = PBXGroup;
			children = (
				A1000030245A1B0000000030 /* SupabaseService.swift */,
			);
			path = Services;
			sourceTree = "<group>";
		};
		A1000016245A1B0000000012 /* Resources */ = {
			isa = PBXGroup;
			children = (
				A1000006245A1B0000000003 /* Assets.xcassets */,
			);
			path = Resources;
			sourceTree = "<group>";
		};
		E6DC4A9F2F62151D00EC3C29 /* Frameworks */ = {
			isa = PBXGroup;
			children = (
			);
			name = Frameworks;
			sourceTree = "<group>";
		};
/* End PBXGroup section */

/* Begin PBXNativeTarget section */
		A1000018245A1B0000000014 /* undrmnd */ = {
			isa = PBXNativeTarget;
			buildConfigurationList = A1000019245A1B0000000015 /* Build configuration list for PBXNativeTarget "undrmnd" */;
			buildPhases = (
				A100001A245A1B0000000016 /* Sources */,
				A100001C245A1B0000000018 /* Resources */,
				E6DC4A9E2F62150E00EC3C29 /* Frameworks */,
			);
			buildRules = (
			);
			dependencies = (
			);
			name = undrmnd;
			packageProductDependencies = (
				E6DC4A9B2F62090300EC3C29 /* Supabase */,
			);
			productName = undrmnd;
			productReference = A1000009245A1B0000000005 /* undrmnd.app */;
			productType = "com.apple.product-type.application";
		};
		A100001D245A1B0000000019 /* undrmndTests */ = {
			isa = PBXNativeTarget;
			buildConfigurationList = A100001E245A1B000000001A /* Build configuration list for PBXNativeTarget "undrmndTests" */;
			buildPhases = (
				A100001F245A1B000000001B /* Sources */,
				A100000C245A1B0000000008 /* Frameworks */,
				A1000020245A1B000000001C /* Resources */,
			);
			buildRules = (
			);
			dependencies = (
				A1000021245A1B000000001D /* PBXTargetDependency */,
			);
			name = undrmndTests;
			packageProductDependencies = (
				E6DC4A9C2F620FD600EC3C29 /* Supabase */,
			);
			productName = undrmndTests;
			productReference = A100000A245A1B0000000006 /* undrmndTests.xctest */;
			productType = "com.apple.product-type.bundle.unit-test";
		};
/* End PBXNativeTarget section */

/* Begin PBXProject section */
		A1000022245A1B000000001E /* Project object */ = {
			isa = PBXProject;
			attributes = {
				BuildIndependentTargetsInParallel = 1;
				LastSwiftUpdateCheck = 1500;
				LastUpgradeCheck = 1500;
				TargetAttributes = {
					A1000018245A1B0000000014 = {
						CreatedOnToolsVersion = 15.0;
					};
					A100001D245A1B0000000019 = {
						CreatedOnToolsVersion = 15.0;
					};
				};
			};
			buildConfigurationList = A1000023245A1B000000001F /* Build configuration list for PBXProject "undrmnd" */;
			compatibilityVersion = "Xcode 14.0";
			developmentRegion = en;
			hasScannedForEncodings = 0;
			knownRegions = (
				en,
				Base,
			);
			mainGroup = A100000D245A1B0000000009;
			packageReferences = (
				E6DC4A9A2F62090300EC3C29 /* XCRemoteSwiftPackageReference "supabase-swift" */,
			);
			productRefGroup = A1000010245A1B000000000C /* Products */;
			projectDirPath = "";
			projectRoot = "";
			targets = (
				A1000018245A1B0000000014 /* undrmnd */,
				A100001D245A1B0000000019 /* undrmndTests */,
			);
		};
/* End PBXProject section */

/* Begin PBXResourcesBuildPhase section */
		A100001C245A1B0000000018 /* Resources */ = {
			isa = PBXResourcesBuildPhase;
			buildActionMask = 2147483647;
			files = (
				A1000005245A1B0000000003 /* Assets.xcassets in Resources */,
			);
			runOnlyForDeploymentPostprocessing = 0;
		};
		A1000020245A1B000000001C /* Resources */ = {
			isa = PBXResourcesBuildPhase;
			buildActionMask = 2147483647;
			files = (
			);
			runOnlyForDeploymentPostprocessing = 0;
		};
/* End PBXResourcesBuildPhase section */

/* Begin PBXSourcesBuildPhase section */
		A100001A245A1B0000000016 /* Sources */ = {
			isa = PBXSourcesBuildPhase;
			buildActionMask = 2147483647;
			files = (
				A1000001245A1B0000000001 /* UndrmndApp.swift in Sources */,
				E61A6F942F621865009CA58F /* TodaySessionViewModel.swift in Sources */,
				A1000003245A1B0000000002 /* ContentView.swift in Sources */,
				E6B3D3C52F8F4C560037A1B2 /* CardItem.swift in Sources */,
				E6B3D3C32F8F4A0C0037A1B2 /* CardDetailView.swift in Sources */,
				E6B3D3C72F8F4C6E0037A1B2 /* SessionCompleteView.swift in Sources */,
				A100002D245A1B000000002D /* SupabaseConfig.swift in Sources */,
				A100002F245A1B000000002F /* SupabaseService.swift in Sources */,
			);
			runOnlyForDeploymentPostprocessing = 0;
		};
		A100001F245A1B000000001B /* Sources */ = {
			isa = PBXSourcesBuildPhase;
			buildActionMask = 2147483647;
			files = (
				A1000007245A1B0000000004 /* UndrmndTests.swift in Sources */,
			);
			runOnlyForDeploymentPostprocessing = 0;
		};
/* End PBXSourcesBuildPhase section */

/* Begin PBXTargetDependency section */
		A1000021245A1B000000001D /* PBXTargetDependency */ = {
			isa = PBXTargetDependency;
			target = A1000018245A1B0000000014 /* undrmnd */;
			targetProxy = A1000024245A1B0000000020 /* PBXContainerItemProxy */;
		};
/* End PBXTargetDependency section */

/* Begin XCBuildConfiguration section */
		A1000025245A1B0000000021 /* Debug */ = {
			isa = XCBuildConfiguration;
			buildSettings = {
				ALWAYS_SEARCH_USER_PATHS = NO;
				ASSETCATALOG_COMPILER_GENERATE_SWIFT_ASSET_SYMBOL_EXTENSIONS = YES;
				CLANG_ANALYZER_NONNULL = YES;
				CLANG_ANALYZER_NUMBER_OBJECT_CONVERSION = YES_AGGRESSIVE;
				CLANG_CXX_LANGUAGE_STANDARD = "gnu++20";
				CLANG_ENABLE_MODULES = YES;
				CLANG_ENABLE_OBJC_ARC = YES;
				CLANG_ENABLE_OBJC_WEAK = YES;
				CLANG_WARN_BLOCK_CAPTURE_AUTORELEASING = YES;
				CLANG_WARN_BOOL_CONVERSION = YES;
				CLANG_WARN_COMMA = YES;
				CLANG_WARN_CONSTANT_CONVERSION = YES;
				CLANG_WARN_DEPRECATED_OBJC_IMPLEMENTATIONS = YES;
				CLANG_WARN_DIRECT_OBJC_ISA_USAGE = YES_ERROR;
				CLANG_WARN_DOCUMENTATION_COMMENTS = YES;
				CLANG_WARN_EMPTY_BODY = YES;
				CLANG_WARN_ENUM_CONVERSION = YES;
				CLANG_WARN_INFINITE_RECURSION = YES;
				CLANG_WARN_INT_CONVERSION = YES;
				CLANG_WARN_NON_LITERAL_NULL_CONVERSION = YES;
				CLANG_WARN_OBJC_IMPLICIT_RETAIN_SELF = YES;
				CLANG_WARN_OBJC_LITERAL_CONVERSION = YES;
				CLANG_WARN_OBJC_ROOT_CLASS = YES_ERROR;
				CLANG_WARN_QUOTED_INCLUDE_IN_FRAMEWORK_HEADER = YES;
				CLANG_WARN_RANGE_LOOP_ANALYSIS = YES;
				CLANG_WARN_STRICT_PROTOTYPES = YES;
				CLANG_WARN_SUSPICIOUS_MOVE = YES;
				CLANG_WARN_UNGUARDED_AVAILABILITY = YES_AGGRESSIVE;
				CLANG_WARN_UNREACHABLE_CODE = YES;
				CLANG_WARN__DUPLICATE_METHOD_MATCH = YES;
				COPY_PHASE_STRIP = NO;
				DEBUG_INFORMATION_FORMAT = dwarf;
				ENABLE_STRICT_OBJC_MSGSEND = YES;
				ENABLE_TESTABILITY = YES;
				ENABLE_USER_SCRIPT_SANDBOXING = YES;
				GCC_C_LANGUAGE_STANDARD = gnu17;
				GCC_DYNAMIC_NO_PIC = NO;
				GCC_NO_COMMON_BLOCKS = YES;
				GCC_OPTIMIZATION_LEVEL = 0;
				GCC_PREPROCESSOR_DEFINITIONS = (
					"DEBUG=1",
					"$(inherited)",
				);
				GCC_WARN_64_TO_32_BIT_CONVERSION = YES;
				GCC_WARN_ABOUT_RETURN_TYPE = YES_ERROR;
				GCC_WARN_UNDECLARED_SELECTOR = YES;
				GCC_WARN_UNINITIALIZED_AUTOS = YES_AGGRESSIVE;
				GCC_WARN_UNUSED_FUNCTION = YES;
				GCC_WARN_UNUSED_VARIABLE = YES;
				IPHONEOS_DEPLOYMENT_TARGET = 17.0;
				LOCALIZATION_PREFERS_STRING_CATALOGS = YES;
				MTL_ENABLE_DEBUG_INFO = INCLUDE_SOURCE;
				MTL_FAST_MATH = YES;
				ONLY_ACTIVE_ARCH = YES;
				SDKROOT = iphoneos;
				SWIFT_ACTIVE_COMPILATION_CONDITIONS = "DEBUG $(inherited)";
				SWIFT_OPTIMIZATION_LEVEL = "-Onone";
			};
			name = Debug;
		};
		A1000026245A1B0000000022 /* Release */ = {
			isa = XCBuildConfiguration;
			buildSettings = {
				ALWAYS_SEARCH_USER_PATHS = NO;
				ASSETCATALOG_COMPILER_GENERATE_SWIFT_ASSET_SYMBOL_EXTENSIONS = YES;
				CLANG_ANALYZER_NONNULL = YES;
				CLANG_ANALYZER_NUMBER_OBJECT_CONVERSION = YES_AGGRESSIVE;
				CLANG_CXX_LANGUAGE_STANDARD = "gnu++20";
				CLANG_ENABLE_MODULES = YES;
				CLANG_ENABLE_OBJC_ARC = YES;
				CLANG_ENABLE_OBJC_WEAK = YES;
				CLANG_WARN_BLOCK_CAPTURE_AUTORELEASING = YES;
				CLANG_WARN_BOOL_CONVERSION = YES;
				CLANG_WARN_COMMA = YES;
				CLANG_WARN_CONSTANT_CONVERSION = YES;
				CLANG_WARN_DEPRECATED_OBJC_IMPLEMENTATIONS = YES;
				CLANG_WARN_DIRECT_OBJC_ISA_USAGE = YES_ERROR;
				CLANG_WARN_DOCUMENTATION_COMMENTS = YES;
				CLANG_WARN_EMPTY_BODY = YES;
				CLANG_WARN_ENUM_CONVERSION = YES;
				CLANG_WARN_INFINITE_RECURSION = YES;
				CLANG_WARN_INT_CONVERSION = YES;
				CLANG_WARN_NON_LITERAL_NULL_CONVERSION = YES;
				CLANG_WARN_OBJC_IMPLICIT_RETAIN_SELF = YES;
				CLANG_WARN_OBJC_LITERAL_CONVERSION = YES;
				CLANG_WARN_OBJC_ROOT_CLASS = YES_ERROR;
				CLANG_WARN_QUOTED_INCLUDE_IN_FRAMEWORK_HEADER = YES;
				CLANG_WARN_RANGE_LOOP_ANALYSIS = YES;
				CLANG_WARN_STRICT_PROTOTYPES = YES;
				CLANG_WARN_SUSPICIOUS_MOVE = YES;
				CLANG_WARN_UNGUARDED_AVAILABILITY = YES_AGGRESSIVE;
				CLANG_WARN_UNREACHABLE_CODE = YES;
				CLANG_WARN__DUPLICATE_METHOD_MATCH = YES;
				COPY_PHASE_STRIP = NO;
				DEBUG_INFORMATION_FORMAT = "dwarf-with-dsym";
				ENABLE_NS_ASSERTIONS = NO;
				ENABLE_STRICT_OBJC_MSGSEND = YES;
				ENABLE_USER_SCRIPT_SANDBOXING = YES;
				GCC_C_LANGUAGE_STANDARD = gnu17;
				GCC_NO_COMMON_BLOCKS = YES;
				GCC_WARN_64_TO_32_BIT_CONVERSION = YES;
				GCC_WARN_ABOUT_RETURN_TYPE = YES_ERROR;
				GCC_WARN_UNDECLARED_SELECTOR = YES;
				GCC_WARN_UNINITIALIZED_AUTOS = YES_AGGRESSIVE;
				GCC_WARN_UNUSED_FUNCTION = YES;
				GCC_WARN_UNUSED_VARIABLE = YES;
				IPHONEOS_DEPLOYMENT_TARGET = 17.0;
				LOCALIZATION_PREFERS_STRING_CATALOGS = YES;
				MTL_ENABLE_DEBUG_INFO = NO;
				MTL_FAST_MATH = YES;
				SDKROOT = iphoneos;
				SWIFT_COMPILATION_MODE = wholemodule;
				VALIDATE_PRODUCT = YES;
			};
			name = Release;
		};
		A1000027245A1B0000000023 /* Debug */ = {
			isa = XCBuildConfiguration;
			buildSettings = {
				ASSETCATALOG_COMPILER_APPICON_NAME = AppIcon;
				ASSETCATALOG_COMPILER_GLOBAL_ACCENT_COLOR_NAME = AccentColor;
				CODE_SIGN_STYLE = Automatic;
				CURRENT_PROJECT_VERSION = 1;
				DEVELOPMENT_ASSET_PATHS = "";
				ENABLE_PREVIEWS = YES;
				GENERATE_INFOPLIST_FILE = NO;
				INFOPLIST_FILE = undrmnd/Info.plist;
				INFOPLIST_KEY_UIApplicationSupportsIndirectInputEvents = YES;
				INFOPLIST_KEY_UILaunchScreen_Generation = YES;
				INFOPLIST_KEY_UISupportedInterfaceOrientations_iPad = "UIInterfaceOrientationPortrait UIInterfaceOrientationPortraitUpsideDown UIInterfaceOrientationLandscapeLeft UIInterfaceOrientationLandscapeRight";
				INFOPLIST_KEY_UISupportedInterfaceOrientations_iPhone = "UIInterfaceOrientationPortrait UIInterfaceOrientationLandscapeLeft UIInterfaceOrientationLandscapeRight";
				LD_RUNPATH_SEARCH_PATHS = (
					"$(inherited)",
					"@executable_path/Frameworks",
				);
				MARKETING_VERSION = 1.0;
				PRODUCT_BUNDLE_IDENTIFIER = com.undrmnd.app;
				PRODUCT_NAME = "$(TARGET_NAME)";
				SWIFT_EMIT_LOCALIZATION_STRINGS = YES;
				SWIFT_VERSION = 5.0;
				TARGETED_DEVICE_FAMILY = "1,2";
			};
			name = Debug;
		};
		A1000028245A1B0000000024 /* Release */ = {
			isa = XCBuildConfiguration;
			buildSettings = {
				ASSETCATALOG_COMPILER_APPICON_NAME = AppIcon;
				ASSETCATALOG_COMPILER_GLOBAL_ACCENT_COLOR_NAME = AccentColor;
				CODE_SIGN_STYLE = Automatic;
				CURRENT_PROJECT_VERSION = 1;
				DEVELOPMENT_ASSET_PATHS = "";
				ENABLE_PREVIEWS = YES;
				GENERATE_INFOPLIST_FILE = NO;
				INFOPLIST_FILE = undrmnd/Info.plist;
				INFOPLIST_KEY_UIApplicationSupportsIndirectInputEvents = YES;
				INFOPLIST_KEY_UILaunchScreen_Generation = YES;
				INFOPLIST_KEY_UISupportedInterfaceOrientations_iPad = "UIInterfaceOrientationPortrait UIInterfaceOrientationPortraitUpsideDown UIInterfaceOrientationLandscapeLeft UIInterfaceOrientationLandscapeRight";
				INFOPLIST_KEY_UISupportedInterfaceOrientations_iPhone = "UIInterfaceOrientationPortrait UIInterfaceOrientationLandscapeLeft UIInterfaceOrientationLandscapeRight";
				LD_RUNPATH_SEARCH_PATHS = (
					"$(inherited)",
					"@executable_path/Frameworks",
				);
				MARKETING_VERSION = 1.0;
				PRODUCT_BUNDLE_IDENTIFIER = com.undrmnd.app;
				PRODUCT_NAME = "$(TARGET_NAME)";
				SWIFT_EMIT_LOCALIZATION_STRINGS = YES;
				SWIFT_VERSION = 5.0;
				TARGETED_DEVICE_FAMILY = "1,2";
			};
			name = Release;
		};
		A1000029245A1B0000000025 /* Debug */ = {
			isa = XCBuildConfiguration;
			buildSettings = {
				BUNDLE_LOADER = "$(TEST_HOST)";
				CODE_SIGN_STYLE = Automatic;
				CURRENT_PROJECT_VERSION = 1;
				GENERATE_INFOPLIST_FILE = YES;
				IPHONEOS_DEPLOYMENT_TARGET = 17.0;
				MARKETING_VERSION = 1.0;
				PRODUCT_BUNDLE_IDENTIFIER = com.undrmnd.app.tests;
				PRODUCT_NAME = "$(TARGET_NAME)";
				SWIFT_EMIT_LOCALIZATION_STRINGS = NO;
				SWIFT_VERSION = 5.0;
				TARGETED_DEVICE_FAMILY = "1,2";
				TEST_HOST = "$(BUILT_PRODUCTS_DIR)/undrmnd.app/$(BUNDLE_EXECUTABLE_FOLDER_PATH)/undrmnd";
			};
			name = Debug;
		};
		A100002A245A1B0000000026 /* Release */ = {
			isa = XCBuildConfiguration;
			buildSettings = {
				BUNDLE_LOADER = "$(TEST_HOST)";
				CODE_SIGN_STYLE = Automatic;
				CURRENT_PROJECT_VERSION = 1;
				GENERATE_INFOPLIST_FILE = YES;
				IPHONEOS_DEPLOYMENT_TARGET = 17.0;
				MARKETING_VERSION = 1.0;
				PRODUCT_BUNDLE_IDENTIFIER = com.undrmnd.app.tests;
				PRODUCT_NAME = "$(TARGET_NAME)";
				SWIFT_EMIT_LOCALIZATION_STRINGS = NO;
				SWIFT_VERSION = 5.0;
				TARGETED_DEVICE_FAMILY = "1,2";
				TEST_HOST = "$(BUILT_PRODUCTS_DIR)/undrmnd.app/$(BUNDLE_EXECUTABLE_FOLDER_PATH)/undrmnd";
			};
			name = Release;
		};
/* End XCBuildConfiguration section */

/* Begin XCConfigurationList section */
		A1000019245A1B0000000015 /* Build configuration list for PBXNativeTarget "undrmnd" */ = {
			isa = XCConfigurationList;
			buildConfigurations = (
				A1000027245A1B0000000023 /* Debug */,
				A1000028245A1B0000000024 /* Release */,
			);
			defaultConfigurationIsVisible = 0;
			defaultConfigurationName = Release;
		};
		A100001E245A1B000000001A /* Build configuration list for PBXNativeTarget "undrmndTests" */ = {
			isa = XCConfigurationList;
			buildConfigurations = (
				A1000029245A1B0000000025 /* Debug */,
				A100002A245A1B0000000026 /* Release */,
			);
			defaultConfigurationIsVisible = 0;
			defaultConfigurationName = Release;
		};
		A1000023245A1B000000001F /* Build configuration list for PBXProject "undrmnd" */ = {
			isa = XCConfigurationList;
			buildConfigurations = (
				A1000025245A1B0000000021 /* Debug */,
				A1000026245A1B0000000022 /* Release */,
			);
			defaultConfigurationIsVisible = 0;
			defaultConfigurationName = Release;
		};
/* End XCConfigurationList section */

/* Begin XCRemoteSwiftPackageReference section */
		E6DC4A9A2F62090300EC3C29 /* XCRemoteSwiftPackageReference "supabase-swift" */ = {
			isa = XCRemoteSwiftPackageReference;
			repositoryURL = "https://github.com/supabase-community/supabase-swift";
			requirement = {
				kind = upToNextMajorVersion;
				minimumVersion = 2.5.1;
			};
		};
/* End XCRemoteSwiftPackageReference section */

/* Begin XCSwiftPackageProductDependency section */
		E6DC4A9B2F62090300EC3C29 /* Supabase */ = {
			isa = XCSwiftPackageProductDependency;
			package = E6DC4A9A2F62090300EC3C29 /* XCRemoteSwiftPackageReference "supabase-swift" */;
			productName = Supabase;
		};
		E6DC4A9C2F620FD600EC3C29 /* Supabase */ = {
			isa = XCSwiftPackageProductDependency;
			package = E6DC4A9A2F62090300EC3C29 /* XCRemoteSwiftPackageReference "supabase-swift" */;
			productName = Supabase;
		};
/* End XCSwiftPackageProductDependency section */
	};
	rootObject = A1000022245A1B000000001E /* Project object */;
}
